
Microsoft Visual Studio Solution File, Format Version 12.00
# Visual Studio 14
VisualStudioVersion = 14.0.25420.1
MinimumVisualStudioVersion = 10.0.40219.1
Project("{FAE04EC0-301F-11D3-BF4B-00C04F79EFBC}") = "ProjectPRG299DB", "ProjectPRG299DB\ProjectPRG299DB.csproj", "{48D2D0B5-04F4-4476-8E41-CB1A59A954F6}"
EndProject
Project("{FAE04EC0-301F-11D3-BF4B-00C04F79EFBC}") = "ProjectPRG299BLL", "ProjectPRG299BLL\ProjectPRG299BLL.csproj", "{0575CB13-B1E8-403E-A553-C996BF416A0E}"
EndProject
Project("{FAE04EC0-301F-11D3-BF4B-00C04F79EFBC}") = "WindowsFormsApplication1", "WindowsFormsApplication1\WindowsFormsApplication1.csproj", "{4C2AFFF2-9172-4643-A6B6-69F79B2F5334}"
EndProject
Project("{FAE04EC0-301F-11D3-BF4B-00C04F79EFBC}") = "ReportsApplicationCCC", "ReportsApplicationCCC\ReportsApplicationCCC.csproj", "{9199FC58-CE5E-47B7-81B4-4E7B26F77334}"
EndProject
Global
	GlobalSection(SolutionConfigurationPlatforms) = preSolution
		Debug|Any CPU = Debug|Any CPU
		Release|Any CPU = Release|Any CPU
	EndGlobalSection
	GlobalSection(ProjectConfigurationPlatforms) = postSolution
		{48D2D0B5-04F4-4476-8E41-CB1A59A954F6}.Debug|Any CPU.ActiveCfg = Debug|Any CPU
		{48D2D0B5-04F4-4476-8E41-CB1A59A954F6}.Debug|Any CPU.Build.0 = Debug|Any CPU
		{48D2D0B5-04F4-4476-8E41-CB1A59A954F6}.Release|Any CPU.ActiveCfg = Release|Any CPU
		{48D2D0B5-04F4-4476-8E41-CB1A59A954F6}.Release|Any CPU.Build.0 = Release|Any CPU
		{0575CB13-B1E8-403E-A553-C996BF416A0E}.Debug|Any CPU.ActiveCfg = Debug|Any CPU
		{0575CB13-B1E8-403E-A553-C996BF416A0E}.Debug|Any CPU.Build.0 = Debug|Any CPU
		{0575CB13-B1E8-403E-A553-C996BF416A0E}.Release|Any CPU.ActiveCfg = Release|Any CPU
		{0575CB13-B1E8-403E-A553-C996BF416A0E}.Release|Any CPU.Build.0 = Release|Any CPU
		{4C2AFFF2-9172-4643-A6B6-69F79B2F5334}.Debug|Any CPU.ActiveCfg = Debug|Any CPU
		{4C2AFFF2-9172-4643-A6B6-69F79B2F5334}.Debug|Any CPU.Build.0 = Debug|Any CPU
		{4C2AFFF2-9172-4643-A6B6-69F79B2F5334}.Release|Any CPU.ActiveCfg = Release|Any CPU
		{4C2AFFF2-9172-4643-A6B6-69F79B2F5334}.Release|Any CPU.Build.0 = Release|Any CPU
		{9199FC58-CE5E-47B7-81B4-4E7B26F77334}.Debug|Any CPU.ActiveCfg = Debug|Any CPU
		{9199FC58-CE5E-47B7-81B4-4E7B26F77334}.Debug|Any CPU.Build.0 = Debug|Any CPU
		{9199FC58-CE5E-47B7-81B4-4E7B26F77334}.Release|Any CPU.ActiveCfg = Release|Any CPU
		{9199FC58-CE5E-47B7-81B4-4E7B26F77334}.Release|Any CPU.Build.0 = Release|Any CPU
	EndGlobalSection
	GlobalSection(SolutionProperties) = preSolution
		HideSolutionNode = FALSE
	EndGlobalSection
EndGlobal
